# THIS IS AN AUTOGENERATED FILE. DO NOT EDIT THIS FILE DIRECTLY.
# yarn lockfile v1


"@herb-tools/config@0.10.1":
  version "0.10.1"
  resolved "https://registry.yarnpkg.com/@herb-tools/config/-/config-0.10.1.tgz#d8fd360fac480c0409edf58f49bae45992828c03"
  integrity sha512-eaC7N1uDsDhqaEh+ulvw77mEsYYpBnU5mb6cSm86U8YYErnEIq5Rp3H9uqVs4HQmvc7NXhZVIDNaSciAKJVJaw==
  dependencies:
    "@herb-tools/core" "0.10.1"
    picomatch "^4.0.4"
    tinyglobby "^0.2.16"
    yaml "^2.8.3"

"@herb-tools/core@0.10.1":
  version "0.10.1"
  resolved "https://registry.yarnpkg.com/@herb-tools/core/-/core-0.10.1.tgz#81845d6128f0c3a6a13ff1112c4fef7dcd3696d9"
  integrity sha512-zFVhWGvqC7b5KHtp4LNlCt4ExLInuRZJxvcNp9kcHCAwnVux+EiXnJz8rsiiF8pU1z2gjq3w6q/g7ayjOetpAg==

"@herb-tools/highlighter@0.10.1":
  version "0.10.1"
  resolved "https://registry.yarnpkg.com/@herb-tools/highlighter/-/highlighter-0.10.1.tgz#3f4d78afd41023702043f3b23964815ba758f406"
  integrity sha512-zgDNj9T/vHaN+V29KqnKXJJMG7eF9GWjYj03VeoDXCkiWbeVJ1G0RKsNuW6QcziyXYeIEyVpS/A3EUvg+Annow==
  dependencies:
    "@herb-tools/core" "0.10.1"
    "@herb-tools/node-wasm" "0.10.1"

"@herb-tools/linter@^0.10.1":
  version "0.10.1"
  resolved "https://registry.yarnpkg.com/@herb-tools/linter/-/linter-0.10.1.tgz#53629597a82ebe2514543b23410a8baa3e18db5a"
  integrity sha512-2K+8PJ6FbS8+nrR7IaMTLdlyO5Ci/dAd4lOngvQMvuwoCiYysvAtTeSySSJtAhgL2YhlneLM+Crw1QN3AsnC2g==
  dependencies:
    "@herb-tools/config" "0.10.1"
    "@herb-tools/core" "0.10.1"
    "@herb-tools/highlighter" "0.10.1"
    "@herb-tools/node-wasm" "0.10.1"
    "@herb-tools/printer" "0.10.1"
    "@herb-tools/rewriter" "0.10.1"
    picomatch "^4.0.4"
    tinyglobby "^0.2.15"

"@herb-tools/node-wasm@0.10.1":
  version "0.10.1"
  resolved "https://registry.yarnpkg.com/@herb-tools/node-wasm/-/node-wasm-0.10.1.tgz#a73f0b0cd1e1e116641b3a2f80a1f1996e6d7ef4"
  integrity sha512-dKMpscMLdBEgJnPmkBVT0iEkjssgjOUsJCpKWi2HMqZEsIem4NR9j3v7D5aq8cR5W80y/7dvNmHtefAsLt8KSA==
  dependencies:
    "@herb-tools/core" "0.10.1"

"@herb-tools/printer@0.10.1":
  version "0.10.1"
  resolved "https://registry.yarnpkg.com/@herb-tools/printer/-/printer-0.10.1.tgz#830700c03d78499ab7ba3333b97a99a3aa154be3"
  integrity sha512-qxE/8G5xnEMKWkSQbWxQZplFJcvs2v2XFR3WEXSVfVQUtpgy/vLJPMAZI4kVDTF+MfdxVzCUZVEeL+OXYzfPCQ==
  dependencies:
    "@herb-tools/core" "0.10.1"
    tinyglobby "^0.2.15"

"@herb-tools/rewriter@0.10.1":
  version "0.10.1"
  resolved "https://registry.yarnpkg.com/@herb-tools/rewriter/-/rewriter-0.10.1.tgz#60ac0a0a54a4d8ae56afef1f1a8daa320574b643"
  integrity sha512-XNBrh03gwNHMwlR3XID7hM3z1kfNtwF9+hURqHPlBURr3OFFa1DDo3pFTpowLC8/d6NWkj9Nb8g8f7nCWAZa1w==
  dependencies:
    "@herb-tools/core" "0.10.1"
    "@herb-tools/tailwind-class-sorter" "0.10.1"
    tinyglobby "^0.2.15"

"@herb-tools/tailwind-class-sorter@0.10.1":
  version "0.10.1"
  resolved "https://registry.yarnpkg.com/@herb-tools/tailwind-class-sorter/-/tailwind-class-sorter-0.10.1.tgz#4d9f5e73a8456503d1fffeeed84c18850b886c34"
  integrity sha512-+ie6BMM5wONUuLPjsEYjZ2wfKFLG637UCpdcT49Z8Pucs3auk+uBIleQK1+NI1229txUxMOqnp0VJ5LbCuXQYQ==
  dependencies:
    clear-module "^4.1.2"
    escalade "^3.2.0"
    jiti "^2.5.1"
    postcss "^8.5.10"
    postcss-import "^16.1.1"

callsites@^3.1.0:
  version "3.1.0"
  resolved "https://registry.yarnpkg.com/callsites/-/callsites-3.1.0.tgz#b3630abd8943432f54b3f0519238e33cd7df2f73"
  integrity sha512-P8BjAsXvZS+VIDUI11hHCQEv74YT67YUi5JJFNWIqL235sBmjX4+qx9Muvls5ivyNENctx46xQLQ3aTuE7ssaQ==

clear-module@^4.1.2:
  version "4.1.2"
  resolved "https://registry.yarnpkg.com/clear-module/-/clear-module-4.1.2.tgz#5a58a5c9f8dccf363545ad7284cad3c887352a80"
  integrity sha512-LWAxzHqdHsAZlPlEyJ2Poz6AIs384mPeqLVCru2p0BrP9G/kVGuhNyZYClLO6cXlnuJjzC8xtsJIuMjKqLXoAw==
  dependencies:
    parent-module "^2.0.0"
    resolve-from "^5.0.0"

escalade@^3.2.0:
  version "3.2.0"
  resolved "https://registry.yarnpkg.com/escalade/-/escalade-3.2.0.tgz#011a3f69856ba189dffa7dc8fcce99d2a87903e5"
  integrity sha512-WUj2qlxaQtO4g6Pq5c29GTcWGDyd8itL8zTlipgECz3JesAiiOKotd8JU6otB3PACgG6xkJUyVhboMS+bje/jA==

fdir@^6.5.0:
  version "6.5.0"
  resolved "https://registry.yarnpkg.com/fdir/-/fdir-6.5.0.tgz#ed2ab967a331ade62f18d077dae192684d50d350"
  integrity sha512-tIbYtZbucOs0BRGqPJkshJUYdL+SDH7dVM8gjy+ERp3WAUjLEFJE+02kanyHtwjWOnwrKYBiwAmM0p4kLJAnXg==

function-bind@^1.1.2:
  version "1.1.2"
  resolved "https://registry.yarnpkg.com/function-bind/-/function-bind-1.1.2.tgz#2c02d864d97f3ea6c8830c464cbd11ab6eab7a1c"
  integrity sha512-7XHNxH7qX9xG5mIwxkhumTox/MIRNcOgDrxWsMt2pAr23WHp6MrRlN7FBSFpCpr+oVO0F744iUgR82nJMfG2SA==

hasown@^2.0.2:
  version "2.0.2"
  resolved "https://registry.yarnpkg.com/hasown/-/hasown-2.0.2.tgz#003eaf91be7adc372e84ec59dc37252cedb80003"
  integrity sha512-0hJU9SCPvmMzIBdZFqNPXWa6dqh7WdH0cII9y+CyS8rG3nL48Bclra9HmKhVVUHyPWNH5Y7xDwAB7bfgSjkUMQ==
  dependencies:
    function-bind "^1.1.2"

is-core-module@^2.16.1:
  version "2.16.1"
  resolved "https://registry.yarnpkg.com/is-core-module/-/is-core-module-2.16.1.tgz#2a98801a849f43e2add644fbb6bc6229b19a4ef4"
  integrity sha512-UfoeMA6fIJ8wTYFEUjelnaGI67v6+N7qXJEvQuIGa99l4xsCruSYOVSQ0uPANn4dAzm8lkYPaKLrrijLq7x23w==
  dependencies:
    hasown "^2.0.2"

jiti@^2.5.1:
  version "2.6.1"
  resolved "https://registry.yarnpkg.com/jiti/-/jiti-2.6.1.tgz#178ef2fc9a1a594248c20627cd820187a4d78d92"
  integrity sha512-ekilCSN1jwRvIbgeg/57YFh8qQDNbwDb9xT/qu2DAHbFFZUicIl4ygVaAvzveMhMVr3LnpSKTNnwt8PoOfmKhQ==

nanoid@^3.3.11:
  version "3.3.11"
  resolved "https://registry.yarnpkg.com/nanoid/-/nanoid-3.3.11.tgz#4f4f112cefbe303202f2199838128936266d185b"
  integrity sha512-N8SpfPUnUp1bK+PMYW8qSWdl9U+wwNWI4QKxOYDy9JAro3WMX7p2OeVRF9v+347pnakNevPmiHhNmZ2HbFA76w==

parent-module@^2.0.0:
  version "2.0.0"
  resolved "https://registry.yarnpkg.com/parent-module/-/parent-module-2.0.0.tgz#fa71f88ff1a50c27e15d8ff74e0e3a9523bf8708"
  integrity sha512-uo0Z9JJeWzv8BG+tRcapBKNJ0dro9cLyczGzulS6EfeyAdeC9sbojtW6XwvYxJkEne9En+J2XEl4zyglVeIwFg==
  dependencies:
    callsites "^3.1.0"

path-parse@^1.0.7:
  version "1.0.7"
  resolved "https://registry.yarnpkg.com/path-parse/-/path-parse-1.0.7.tgz#fbc114b60ca42b30d9daf5858e4bd68bbedb6735"
  integrity sha512-LDJzPVEEEPR+y48z93A0Ed0yXb8pAByGWo/k5YYdYgpY2/2EsOsksJrq7lOHxryrVOn1ejG6oAp8ahvOIQD8sw==

picocolors@^1.1.1:
  version "1.1.1"
  resolved "https://registry.yarnpkg.com/picocolors/-/picocolors-1.1.1.tgz#3d321af3eab939b083c8f929a1d12cda81c26b6b"
  integrity sha512-xceH2snhtb5M9liqDsmEw56le376mTZkEX/jEb/RxNFyegNul7eNslCXP9FDj/Lcu0X8KEyMceP2ntpaHrDEVA==

picomatch@^4.0.4:
  version "4.0.4"
  resolved "https://registry.yarnpkg.com/picomatch/-/picomatch-4.0.4.tgz#fd6f5e00a143086e074dffe4c924b8fb293b0589"
  integrity sha512-QP88BAKvMam/3NxH6vj2o21R6MjxZUAd6nlwAS/pnGvN9IVLocLHxGYIzFhg6fUQ+5th6P4dv4eW9jX3DSIj7A==

pify@^2.3.0:
  version "2.3.0"
  resolved "https://registry.yarnpkg.com/pify/-/pify-2.3.0.tgz#ed141a6ac043a849ea588498e7dca8b15330e90c"
  integrity sha512-udgsAY+fTnvv7kI7aaxbqwWNb0AHiB0qBO89PZKPkoTmGOgdbrHDKD+0B2X4uTfJ/FT1R09r9gTsjUjNJotuog==

postcss-import@^16.1.1:
  version "16.1.1"
  resolved "https://registry.yarnpkg.com/postcss-import/-/postcss-import-16.1.1.tgz#cfbe79e6c9232b0dbbe1c18f35308825cfe8ff2a"
  integrity sha512-2xVS1NCZAfjtVdvXiyegxzJ447GyqCeEI5V7ApgQVOWnros1p5lGNovJNapwPpMombyFBfqDwt7AD3n2l0KOfQ==
  dependencies:
    postcss-value-parser "^4.0.0"
    read-cache "^1.0.0"
    resolve "^1.1.7"

postcss-value-parser@^4.0.0:
  version "4.2.0"
  resolved "https://registry.yarnpkg.com/postcss-value-parser/-/postcss-value-parser-4.2.0.tgz#723c09920836ba6d3e5af019f92bc0971c02e514"
  integrity sha512-1NNCs6uurfkVbeXG4S8JFT9t19m45ICnif8zWLd5oPSZ50QnwMfK+H3jv408d4jw/7Bttv5axS5IiHoLaVNHeQ==

postcss@^8.5.10:
  version "8.5.14"
  resolved "https://registry.yarnpkg.com/postcss/-/postcss-8.5.14.tgz#a66c2d7808fadf69ebb5b84a03f8bafd76c4919c"
  integrity sha512-SoSL4+OSEtR99LHFZQiJLkT59C5B1amGO1NzTwj7TT1qCUgUO6hxOvzkOYxD+vMrXBM3XJIKzokoERdqQq/Zmg==
  dependencies:
    nanoid "^3.3.11"
    picocolors "^1.1.1"
    source-map-js "^1.2.1"

read-cache@^1.0.0:
  version "1.0.0"
  resolved "https://registry.yarnpkg.com/read-cache/-/read-cache-1.0.0.tgz#e664ef31161166c9751cdbe8dbcf86b5fb58f774"
  integrity sha512-Owdv/Ft7IjOgm/i0xvNDZ1LrRANRfew4b2prF3OWMQLxLfu3bS8FVhCsrSCMK4lR56Y9ya+AThoTpDCTxCmpRA==
  dependencies:
    pify "^2.3.0"

resolve-from@^5.0.0:
  version "5.0.0"
  resolved "https://registry.yarnpkg.com/resolve-from/-/resolve-from-5.0.0.tgz#c35225843df8f776df21c57557bc087e9dfdfc69"
  integrity sha512-qYg9KP24dD5qka9J47d0aVky0N+b4fTU89LN9iDnjB5waksiC49rvMB0PrUJQGoTmH50XPiqOvAjDfaijGxYZw==

resolve@^1.1.7:
  version "1.22.11"
  resolved "https://registry.yarnpkg.com/resolve/-/resolve-1.22.11.tgz#aad857ce1ffb8bfa9b0b1ac29f1156383f68c262"
  integrity sha512-RfqAvLnMl313r7c9oclB1HhUEAezcpLjz95wFH4LVuhk9JF/r22qmVP9AMmOU4vMX7Q8pN8jwNg/CSpdFnMjTQ==
  dependencies:
    is-core-module "^2.16.1"
    path-parse "^1.0.7"
    supports-preserve-symlinks-flag "^1.0.0"

source-map-js@^1.2.1:
  version "1.2.1"
  resolved "https://registry.yarnpkg.com/source-map-js/-/source-map-js-1.2.1.tgz#1ce5650fddd87abc099eda37dcff024c2667ae46"
  integrity sha512-UXWMKhLOwVKb728IUtQPXxfYU+usdybtUrK/8uGE8CQMvrhOpwvzDBwj0QhSL7MQc7vIsISBG8VQ8+IDQxpfQA==

supports-preserve-symlinks-flag@^1.0.0:
  version "1.0.0"
  resolved "https://registry.yarnpkg.com/supports-preserve-symlinks-flag/-/supports-preserve-symlinks-flag-1.0.0.tgz#6eda4bd344a3c94aea376d4cc31bc77311039e09"
  integrity sha512-ot0WnXS9fgdkgIcePe6RHNk1WA8+muPa6cSjeR3V8K27q9BB1rTE3R1p7Hv0z1ZyAc8s6Vvv8DIyWf681MAt0w==

tinyglobby@^0.2.15, tinyglobby@^0.2.16:
  version "0.2.16"
  resolved "https://registry.yarnpkg.com/tinyglobby/-/tinyglobby-0.2.16.tgz#1c3b7eb953fce42b226bc5a1ee06428281aff3d6"
  integrity sha512-pn99VhoACYR8nFHhxqix+uvsbXineAasWm5ojXoN8xEwK5Kd3/TrhNn1wByuD52UxWRLy8pu+kRMniEi6Eq9Zg==
  dependencies:
    fdir "^6.5.0"
    picomatch "^4.0.4"

yaml@^2.8.3:
  version "2.9.0"
  resolved "https://registry.yarnpkg.com/yaml/-/yaml-2.9.0.tgz#78274afd93598a1dfdd6130df6a566defcbf9aa4"
  integrity sha512-2AvhNX3mb8zd6Zy7INTtSpl1F15HW6Wnqj0srWlkKLcpYl/gMIMJiyuGq2KeI2YFxUPjdlB+3Lc10seMLtL4cA==
