# THIS IS AN AUTOGENERATED FILE. DO NOT EDIT THIS FILE DIRECTLY.
# yarn lockfile v1


"@herb-tools/config@0.9.2":
  version "0.9.2"
  resolved "https://registry.yarnpkg.com/@herb-tools/config/-/config-0.9.2.tgz#bc6aac970a79ea36431fc623a5b4213d43251138"
  integrity sha512-KCI9SBNBhLUTzVIjBh6fX4JmKz3Fv9M7eHlD8QS7mmnVS9fbH1//2CjbffrwSMplysG4p4W3sdSZ0dcFrnTJ7A==
  dependencies:
    "@herb-tools/core" "0.9.2"
    picomatch "^4.0.2"
    tinyglobby "^0.2.15"
    yaml "^2.8.2"

"@herb-tools/core@0.9.2":
  version "0.9.2"
  resolved "https://registry.yarnpkg.com/@herb-tools/core/-/core-0.9.2.tgz#f451418223dceaaaad85aec30e3008b61b1cdc72"
  integrity sha512-Wcg59JIoM8VWWKXq8DQR0K0Oxg8IrwNPKCFBC11KWJketiN3pqApCgihhoB63Tk/pZNhmhJhfKnsiPLgvm99jQ==

"@herb-tools/highlighter@0.9.2":
  version "0.9.2"
  resolved "https://registry.yarnpkg.com/@herb-tools/highlighter/-/highlighter-0.9.2.tgz#929e5b2d1c726e29370ddb8ba3b8452291e4c6c3"
  integrity sha512-S6Ncp7B9qZR80DkKwqtdWM5hMlxhCqkKPwrV1zIk4AlRf/4+oCsh1u0hr0pgQBJ6QESqMzXz21mWmFuYQFhj0g==
  dependencies:
    "@herb-tools/core" "0.9.2"
    "@herb-tools/node-wasm" "0.9.2"

"@herb-tools/linter@^0.9.2":
  version "0.9.2"
  resolved "https://registry.yarnpkg.com/@herb-tools/linter/-/linter-0.9.2.tgz#3fce1ef1c3f30aeb9a9cf9d21392accfe1033f07"
  integrity sha512-LxOxfQjRah4hwKPSL4geZJ/rzgqKKlrKxk4Ek6PxQ1WMcymWDFbqEw1HaLiC5hGrKl+z7sBZskJQpTh6yK3JQA==
  dependencies:
    "@herb-tools/config" "0.9.2"
    "@herb-tools/core" "0.9.2"
    "@herb-tools/highlighter" "0.9.2"
    "@herb-tools/node-wasm" "0.9.2"
    "@herb-tools/printer" "0.9.2"
    "@herb-tools/rewriter" "0.9.2"
    picomatch "^4.0.2"
    tinyglobby "^0.2.15"

"@herb-tools/node-wasm@0.9.2":
  version "0.9.2"
  resolved "https://registry.yarnpkg.com/@herb-tools/node-wasm/-/node-wasm-0.9.2.tgz#ac82d20b74f6ca767b54748fb9758ae8e5ef839b"
  integrity sha512-xI7N/r94yJwjh3LsNwdtp0OhiEDTFT4VvdqlDiHsEs8l2MVHKKZ/qszldvRQI5y5TyzMuHo5Tq85almTwmEbEw==
  dependencies:
    "@herb-tools/core" "0.9.2"

"@herb-tools/printer@0.9.2":
  version "0.9.2"
  resolved "https://registry.yarnpkg.com/@herb-tools/printer/-/printer-0.9.2.tgz#5ddcc719239fc6cf3835be8587cef029aa20cb98"
  integrity sha512-fNW8JCLapkklTi1t1UXpMjpvK1V6Qzwi6P7+fno4966qMSJPK+sgG1y6Y1JbcOlBHZ3EU4bN9Og7R4AzYSm/Bg==
  dependencies:
    "@herb-tools/core" "0.9.2"
    tinyglobby "^0.2.15"

"@herb-tools/rewriter@0.9.2":
  version "0.9.2"
  resolved "https://registry.yarnpkg.com/@herb-tools/rewriter/-/rewriter-0.9.2.tgz#480daa59ab0e128d3d7b417117d25dfffc48cab5"
  integrity sha512-ATXzRuLNwB4QKuA7/8k2DwqOVqIWfLttKupvonU+ASOt9W7MvqRm1tj9vZ5U+xXoLL3FGG1yGBd6QPLmjuZTUw==
  dependencies:
    "@herb-tools/core" "0.9.2"
    "@herb-tools/tailwind-class-sorter" "0.9.2"
    tinyglobby "^0.2.15"

"@herb-tools/tailwind-class-sorter@0.9.2":
  version "0.9.2"
  resolved "https://registry.yarnpkg.com/@herb-tools/tailwind-class-sorter/-/tailwind-class-sorter-0.9.2.tgz#ace822b74c0c455d1c1d559c99a7687d65f3cda2"
  integrity sha512-QGRKDvq9fwnJG1fPk2569USOy7cPEu0qS/KTzFJlz3gAV4HhdLyevtmuIOZKPaf5Ca/M6rCYUXNrZHV9TEc14g==
  dependencies:
    clear-module "^4.1.2"
    escalade "^3.2.0"
    jiti "^2.5.1"
    postcss "^8.5.8"
    postcss-import "^16.1.1"

callsites@^3.1.0:
  version "3.1.0"
  resolved "https://registry.yarnpkg.com/callsites/-/callsites-3.1.0.tgz#b3630abd8943432f54b3f0519238e33cd7df2f73"
  integrity sha512-P8BjAsXvZS+VIDUI11hHCQEv74YT67YUi5JJFNWIqL235sBmjX4+qx9Muvls5ivyNENctx46xQLQ3aTuE7ssaQ==

clear-module@^4.1.2:
  version "4.1.2"
  resolved "https://registry.yarnpkg.com/clear-module/-/clear-module-4.1.2.tgz#5a58a5c9f8dccf363545ad7284cad3c887352a80"
  integrity sha512-LWAxzHqdHsAZlPlEyJ2Poz6AIs384mPeqLVCru2p0BrP9G/kVGuhNyZYClLO6cXlnuJjzC8xtsJIuMjKqLXoAw==
  dependencies:
    parent-module "^2.0.0"
    resolve-from "^5.0.0"

escalade@^3.2.0:
  version "3.2.0"
  resolved "https://registry.yarnpkg.com/escalade/-/escalade-3.2.0.tgz#011a3f69856ba189dffa7dc8fcce99d2a87903e5"
  integrity sha512-WUj2qlxaQtO4g6Pq5c29GTcWGDyd8itL8zTlipgECz3JesAiiOKotd8JU6otB3PACgG6xkJUyVhboMS+bje/jA==

fdir@^6.5.0:
  version "6.5.0"
  resolved "https://registry.yarnpkg.com/fdir/-/fdir-6.5.0.tgz#ed2ab967a331ade62f18d077dae192684d50d350"
  integrity sha512-tIbYtZbucOs0BRGqPJkshJUYdL+SDH7dVM8gjy+ERp3WAUjLEFJE+02kanyHtwjWOnwrKYBiwAmM0p4kLJAnXg==

function-bind@^1.1.2:
  version "1.1.2"
  resolved "https://registry.yarnpkg.com/function-bind/-/function-bind-1.1.2.tgz#2c02d864d97f3ea6c8830c464cbd11ab6eab7a1c"
  integrity sha512-7XHNxH7qX9xG5mIwxkhumTox/MIRNcOgDrxWsMt2pAr23WHp6MrRlN7FBSFpCpr+oVO0F744iUgR82nJMfG2SA==

hasown@^2.0.2:
  version "2.0.2"
  resolved "https://registry.yarnpkg.com/hasown/-/hasown-2.0.2.tgz#003eaf91be7adc372e84ec59dc37252cedb80003"
  integrity sha512-0hJU9SCPvmMzIBdZFqNPXWa6dqh7WdH0cII9y+CyS8rG3nL48Bclra9HmKhVVUHyPWNH5Y7xDwAB7bfgSjkUMQ==
  dependencies:
    function-bind "^1.1.2"

is-core-module@^2.16.1:
  version "2.16.1"
  resolved "https://registry.yarnpkg.com/is-core-module/-/is-core-module-2.16.1.tgz#2a98801a849f43e2add644fbb6bc6229b19a4ef4"
  integrity sha512-UfoeMA6fIJ8wTYFEUjelnaGI67v6+N7qXJEvQuIGa99l4xsCruSYOVSQ0uPANn4dAzm8lkYPaKLrrijLq7x23w==
  dependencies:
    hasown "^2.0.2"

jiti@^2.5.1:
  version "2.6.1"
  resolved "https://registry.yarnpkg.com/jiti/-/jiti-2.6.1.tgz#178ef2fc9a1a594248c20627cd820187a4d78d92"
  integrity sha512-ekilCSN1jwRvIbgeg/57YFh8qQDNbwDb9xT/qu2DAHbFFZUicIl4ygVaAvzveMhMVr3LnpSKTNnwt8PoOfmKhQ==

nanoid@^3.3.11:
  version "3.3.11"
  resolved "https://registry.yarnpkg.com/nanoid/-/nanoid-3.3.11.tgz#4f4f112cefbe303202f2199838128936266d185b"
  integrity sha512-N8SpfPUnUp1bK+PMYW8qSWdl9U+wwNWI4QKxOYDy9JAro3WMX7p2OeVRF9v+347pnakNevPmiHhNmZ2HbFA76w==

parent-module@^2.0.0:
  version "2.0.0"
  resolved "https://registry.yarnpkg.com/parent-module/-/parent-module-2.0.0.tgz#fa71f88ff1a50c27e15d8ff74e0e3a9523bf8708"
  integrity sha512-uo0Z9JJeWzv8BG+tRcapBKNJ0dro9cLyczGzulS6EfeyAdeC9sbojtW6XwvYxJkEne9En+J2XEl4zyglVeIwFg==
  dependencies:
    callsites "^3.1.0"

path-parse@^1.0.7:
  version "1.0.7"
  resolved "https://registry.yarnpkg.com/path-parse/-/path-parse-1.0.7.tgz#fbc114b60ca42b30d9daf5858e4bd68bbedb6735"
  integrity sha512-LDJzPVEEEPR+y48z93A0Ed0yXb8pAByGWo/k5YYdYgpY2/2EsOsksJrq7lOHxryrVOn1ejG6oAp8ahvOIQD8sw==

picocolors@^1.1.1:
  version "1.1.1"
  resolved "https://registry.yarnpkg.com/picocolors/-/picocolors-1.1.1.tgz#3d321af3eab939b083c8f929a1d12cda81c26b6b"
  integrity sha512-xceH2snhtb5M9liqDsmEw56le376mTZkEX/jEb/RxNFyegNul7eNslCXP9FDj/Lcu0X8KEyMceP2ntpaHrDEVA==

picomatch@^4.0.2, picomatch@^4.0.3:
  version "4.0.3"
  resolved "https://registry.yarnpkg.com/picomatch/-/picomatch-4.0.3.tgz#796c76136d1eead715db1e7bad785dedd695a042"
  integrity sha512-5gTmgEY/sqK6gFXLIsQNH19lWb4ebPDLA4SdLP7dsWkIXHWlG66oPuVvXSGFPppYZz8ZDZq0dYYrbHfBCVUb1Q==

pify@^2.3.0:
  version "2.3.0"
  resolved "https://registry.yarnpkg.com/pify/-/pify-2.3.0.tgz#ed141a6ac043a849ea588498e7dca8b15330e90c"
  integrity sha512-udgsAY+fTnvv7kI7aaxbqwWNb0AHiB0qBO89PZKPkoTmGOgdbrHDKD+0B2X4uTfJ/FT1R09r9gTsjUjNJotuog==

postcss-import@^16.1.1:
  version "16.1.1"
  resolved "https://registry.yarnpkg.com/postcss-import/-/postcss-import-16.1.1.tgz#cfbe79e6c9232b0dbbe1c18f35308825cfe8ff2a"
  integrity sha512-2xVS1NCZAfjtVdvXiyegxzJ447GyqCeEI5V7ApgQVOWnros1p5lGNovJNapwPpMombyFBfqDwt7AD3n2l0KOfQ==
  dependencies:
    postcss-value-parser "^4.0.0"
    read-cache "^1.0.0"
    resolve "^1.1.7"

postcss-value-parser@^4.0.0:
  version "4.2.0"
  resolved "https://registry.yarnpkg.com/postcss-value-parser/-/postcss-value-parser-4.2.0.tgz#723c09920836ba6d3e5af019f92bc0971c02e514"
  integrity sha512-1NNCs6uurfkVbeXG4S8JFT9t19m45ICnif8zWLd5oPSZ50QnwMfK+H3jv408d4jw/7Bttv5axS5IiHoLaVNHeQ==

postcss@^8.5.8:
  version "8.5.8"
  resolved "https://registry.yarnpkg.com/postcss/-/postcss-8.5.8.tgz#6230ecc8fb02e7a0f6982e53990937857e13f399"
  integrity sha512-OW/rX8O/jXnm82Ey1k44pObPtdblfiuWnrd8X7GJ7emImCOstunGbXUpp7HdBrFQX6rJzn3sPT397Wp5aCwCHg==
  dependencies:
    nanoid "^3.3.11"
    picocolors "^1.1.1"
    source-map-js "^1.2.1"

read-cache@^1.0.0:
  version "1.0.0"
  resolved "https://registry.yarnpkg.com/read-cache/-/read-cache-1.0.0.tgz#e664ef31161166c9751cdbe8dbcf86b5fb58f774"
  integrity sha512-Owdv/Ft7IjOgm/i0xvNDZ1LrRANRfew4b2prF3OWMQLxLfu3bS8FVhCsrSCMK4lR56Y9ya+AThoTpDCTxCmpRA==
  dependencies:
    pify "^2.3.0"

resolve-from@^5.0.0:
  version "5.0.0"
  resolved "https://registry.yarnpkg.com/resolve-from/-/resolve-from-5.0.0.tgz#c35225843df8f776df21c57557bc087e9dfdfc69"
  integrity sha512-qYg9KP24dD5qka9J47d0aVky0N+b4fTU89LN9iDnjB5waksiC49rvMB0PrUJQGoTmH50XPiqOvAjDfaijGxYZw==

resolve@^1.1.7:
  version "1.22.11"
  resolved "https://registry.yarnpkg.com/resolve/-/resolve-1.22.11.tgz#aad857ce1ffb8bfa9b0b1ac29f1156383f68c262"
  integrity sha512-RfqAvLnMl313r7c9oclB1HhUEAezcpLjz95wFH4LVuhk9JF/r22qmVP9AMmOU4vMX7Q8pN8jwNg/CSpdFnMjTQ==
  dependencies:
    is-core-module "^2.16.1"
    path-parse "^1.0.7"
    supports-preserve-symlinks-flag "^1.0.0"

source-map-js@^1.2.1:
  version "1.2.1"
  resolved "https://registry.yarnpkg.com/source-map-js/-/source-map-js-1.2.1.tgz#1ce5650fddd87abc099eda37dcff024c2667ae46"
  integrity sha512-UXWMKhLOwVKb728IUtQPXxfYU+usdybtUrK/8uGE8CQMvrhOpwvzDBwj0QhSL7MQc7vIsISBG8VQ8+IDQxpfQA==

supports-preserve-symlinks-flag@^1.0.0:
  version "1.0.0"
  resolved "https://registry.yarnpkg.com/supports-preserve-symlinks-flag/-/supports-preserve-symlinks-flag-1.0.0.tgz#6eda4bd344a3c94aea376d4cc31bc77311039e09"
  integrity sha512-ot0WnXS9fgdkgIcePe6RHNk1WA8+muPa6cSjeR3V8K27q9BB1rTE3R1p7Hv0z1ZyAc8s6Vvv8DIyWf681MAt0w==

tinyglobby@^0.2.15:
  version "0.2.15"
  resolved "https://registry.yarnpkg.com/tinyglobby/-/tinyglobby-0.2.15.tgz#e228dd1e638cea993d2fdb4fcd2d4602a79951c2"
  integrity sha512-j2Zq4NyQYG5XMST4cbs02Ak8iJUdxRM0XI5QyxXuZOzKOINmWurp3smXu3y5wDcJrptwpSjgXHzIQxR0omXljQ==
  dependencies:
    fdir "^6.5.0"
    picomatch "^4.0.3"

yaml@^2.8.2:
  version "2.8.2"
  resolved "https://registry.yarnpkg.com/yaml/-/yaml-2.8.2.tgz#5694f25eca0ce9c3e7a9d9e00ce0ddabbd9e35c5"
  integrity sha512-mplynKqc1C2hTVYxd0PU2xQAc22TI1vShAYGksCCfxbn/dFwnHTNi1bvYsBTkhdUNtGIf5xNOg938rrSSYvS9A==
