# THIS IS AN AUTOGENERATED FILE. DO NOT EDIT THIS FILE DIRECTLY.
# yarn lockfile v1


"@herb-tools/config@0.8.10":
  version "0.8.10"
  resolved "https://registry.yarnpkg.com/@herb-tools/config/-/config-0.8.10.tgz#e4a15959e60da5b9ccd29b21295ab7f09c8a7bac"
  integrity sha512-feFfAcr/n400vBxtjlLExkcDGjQwUY/SJI+/iwDv9qyLjU6JuwAfsMyG6Td5Kx23U5IFWVC+YbTF9bnd8ZtFdQ==
  dependencies:
    "@herb-tools/core" "0.8.10"
    picomatch "^4.0.2"
    tinyglobby "^0.2.15"
    yaml "^2.8.2"

"@herb-tools/core@0.8.10":
  version "0.8.10"
  resolved "https://registry.yarnpkg.com/@herb-tools/core/-/core-0.8.10.tgz#6f94389dae6e01c2291473098add45007f710aca"
  integrity sha512-KFZX6SUcB9ZSJB8XITEOogq4/hH+QabQp4c0PJqG6c9Iv+EEfEUgVQflFOmJ59NKHrT7Og78lmgJhyeBC20wxQ==

"@herb-tools/highlighter@0.8.10":
  version "0.8.10"
  resolved "https://registry.yarnpkg.com/@herb-tools/highlighter/-/highlighter-0.8.10.tgz#5758e34b12d9290a659dd15e10abb9f7f5af9d05"
  integrity sha512-jeFLJ9ZIrcja9Ac61QWQfa/6ENHAE5Tju8/ScmjYWZGoF5awaEJM6hmdVVboGQzBcSd0Qjp8Kxq1Odsp+344pg==
  dependencies:
    "@herb-tools/core" "0.8.10"
    "@herb-tools/node-wasm" "0.8.10"

"@herb-tools/linter@^0.8.0":
  version "0.8.10"
  resolved "https://registry.yarnpkg.com/@herb-tools/linter/-/linter-0.8.10.tgz#a3a1dd518d47a2a1c778307f410f0090a27ae097"
  integrity sha512-li/JFDoHMpSkYbUMKmFDst+Glf931fobrILvGrnaIp4r7pGBDJQONcImGBdnumKPqMk2p1UkHWONRcEHx33jSw==
  dependencies:
    "@herb-tools/config" "0.8.10"
    "@herb-tools/core" "0.8.10"
    "@herb-tools/highlighter" "0.8.10"
    "@herb-tools/node-wasm" "0.8.10"
    "@herb-tools/printer" "0.8.10"
    "@herb-tools/rewriter" "0.8.10"
    picomatch "^4.0.2"
    tinyglobby "^0.2.15"

"@herb-tools/node-wasm@0.8.10":
  version "0.8.10"
  resolved "https://registry.yarnpkg.com/@herb-tools/node-wasm/-/node-wasm-0.8.10.tgz#e233c6b1e9eb5859a4b9e3fbd63c419d9eec1ded"
  integrity sha512-lxOL0olfFydmYG76v/br/MHsCbJE/r6vm86oqarOnsZLT+th6MCiKK6E9tE6RlYk/4OeOANePm4NLTqpqF2/5g==
  dependencies:
    "@herb-tools/core" "0.8.10"

"@herb-tools/printer@0.8.10":
  version "0.8.10"
  resolved "https://registry.yarnpkg.com/@herb-tools/printer/-/printer-0.8.10.tgz#c972978c71c6bbed5436bf3ff85d3639b24d8afd"
  integrity sha512-/fKbm7e4bhIyxsYkEaNTJajcvhzlfzKrZ/DftcBmeOZeblz0lTkL3Vx9nvRNQuLT1LyPBfmEzMp1qPKvWUyaCw==
  dependencies:
    "@herb-tools/core" "0.8.10"
    tinyglobby "^0.2.15"

"@herb-tools/rewriter@0.8.10":
  version "0.8.10"
  resolved "https://registry.yarnpkg.com/@herb-tools/rewriter/-/rewriter-0.8.10.tgz#c391d061a7652b6c18134a8ce86a2fea8eb0e4ff"
  integrity sha512-Fak3lheNaiYXBfhi9U7aQjgBnziJ4EOtQr4j8BbkV5luH25Wc3LET3/aKn8w910ZQdfNmQ+rmBvVpJWq5XP+7g==
  dependencies:
    "@herb-tools/core" "0.8.10"
    "@herb-tools/tailwind-class-sorter" "0.8.10"
    tinyglobby "^0.2.15"

"@herb-tools/tailwind-class-sorter@0.8.10":
  version "0.8.10"
  resolved "https://registry.yarnpkg.com/@herb-tools/tailwind-class-sorter/-/tailwind-class-sorter-0.8.10.tgz#356b88164d23e16a3220d42866bd3ca18f66e8ca"
  integrity sha512-bwvvQDiwfRP0BsziM+AFCnRkFZx7aSSCoo5qO2ox5R3nJKGUEQrG+JJF4fwrtT1phyjqBytDPtctpXps77J2HA==
  dependencies:
    clear-module "^4.1.2"
    escalade "^3.2.0"
    jiti "^2.5.1"
    postcss "^8.5.6"
    postcss-import "^16.1.1"

callsites@^3.1.0:
  version "3.1.0"
  resolved "https://registry.yarnpkg.com/callsites/-/callsites-3.1.0.tgz#b3630abd8943432f54b3f0519238e33cd7df2f73"
  integrity sha512-P8BjAsXvZS+VIDUI11hHCQEv74YT67YUi5JJFNWIqL235sBmjX4+qx9Muvls5ivyNENctx46xQLQ3aTuE7ssaQ==

clear-module@^4.1.2:
  version "4.1.2"
  resolved "https://registry.yarnpkg.com/clear-module/-/clear-module-4.1.2.tgz#5a58a5c9f8dccf363545ad7284cad3c887352a80"
  integrity sha512-LWAxzHqdHsAZlPlEyJ2Poz6AIs384mPeqLVCru2p0BrP9G/kVGuhNyZYClLO6cXlnuJjzC8xtsJIuMjKqLXoAw==
  dependencies:
    parent-module "^2.0.0"
    resolve-from "^5.0.0"

escalade@^3.2.0:
  version "3.2.0"
  resolved "https://registry.yarnpkg.com/escalade/-/escalade-3.2.0.tgz#011a3f69856ba189dffa7dc8fcce99d2a87903e5"
  integrity sha512-WUj2qlxaQtO4g6Pq5c29GTcWGDyd8itL8zTlipgECz3JesAiiOKotd8JU6otB3PACgG6xkJUyVhboMS+bje/jA==

fdir@^6.5.0:
  version "6.5.0"
  resolved "https://registry.yarnpkg.com/fdir/-/fdir-6.5.0.tgz#ed2ab967a331ade62f18d077dae192684d50d350"
  integrity sha512-tIbYtZbucOs0BRGqPJkshJUYdL+SDH7dVM8gjy+ERp3WAUjLEFJE+02kanyHtwjWOnwrKYBiwAmM0p4kLJAnXg==

function-bind@^1.1.2:
  version "1.1.2"
  resolved "https://registry.yarnpkg.com/function-bind/-/function-bind-1.1.2.tgz#2c02d864d97f3ea6c8830c464cbd11ab6eab7a1c"
  integrity sha512-7XHNxH7qX9xG5mIwxkhumTox/MIRNcOgDrxWsMt2pAr23WHp6MrRlN7FBSFpCpr+oVO0F744iUgR82nJMfG2SA==

hasown@^2.0.2:
  version "2.0.2"
  resolved "https://registry.yarnpkg.com/hasown/-/hasown-2.0.2.tgz#003eaf91be7adc372e84ec59dc37252cedb80003"
  integrity sha512-0hJU9SCPvmMzIBdZFqNPXWa6dqh7WdH0cII9y+CyS8rG3nL48Bclra9HmKhVVUHyPWNH5Y7xDwAB7bfgSjkUMQ==
  dependencies:
    function-bind "^1.1.2"

is-core-module@^2.16.1:
  version "2.16.1"
  resolved "https://registry.yarnpkg.com/is-core-module/-/is-core-module-2.16.1.tgz#2a98801a849f43e2add644fbb6bc6229b19a4ef4"
  integrity sha512-UfoeMA6fIJ8wTYFEUjelnaGI67v6+N7qXJEvQuIGa99l4xsCruSYOVSQ0uPANn4dAzm8lkYPaKLrrijLq7x23w==
  dependencies:
    hasown "^2.0.2"

jiti@^2.5.1:
  version "2.6.1"
  resolved "https://registry.yarnpkg.com/jiti/-/jiti-2.6.1.tgz#178ef2fc9a1a594248c20627cd820187a4d78d92"
  integrity sha512-ekilCSN1jwRvIbgeg/57YFh8qQDNbwDb9xT/qu2DAHbFFZUicIl4ygVaAvzveMhMVr3LnpSKTNnwt8PoOfmKhQ==

nanoid@^3.3.11:
  version "3.3.11"
  resolved "https://registry.yarnpkg.com/nanoid/-/nanoid-3.3.11.tgz#4f4f112cefbe303202f2199838128936266d185b"
  integrity sha512-N8SpfPUnUp1bK+PMYW8qSWdl9U+wwNWI4QKxOYDy9JAro3WMX7p2OeVRF9v+347pnakNevPmiHhNmZ2HbFA76w==

parent-module@^2.0.0:
  version "2.0.0"
  resolved "https://registry.yarnpkg.com/parent-module/-/parent-module-2.0.0.tgz#fa71f88ff1a50c27e15d8ff74e0e3a9523bf8708"
  integrity sha512-uo0Z9JJeWzv8BG+tRcapBKNJ0dro9cLyczGzulS6EfeyAdeC9sbojtW6XwvYxJkEne9En+J2XEl4zyglVeIwFg==
  dependencies:
    callsites "^3.1.0"

path-parse@^1.0.7:
  version "1.0.7"
  resolved "https://registry.yarnpkg.com/path-parse/-/path-parse-1.0.7.tgz#fbc114b60ca42b30d9daf5858e4bd68bbedb6735"
  integrity sha512-LDJzPVEEEPR+y48z93A0Ed0yXb8pAByGWo/k5YYdYgpY2/2EsOsksJrq7lOHxryrVOn1ejG6oAp8ahvOIQD8sw==

picocolors@^1.1.1:
  version "1.1.1"
  resolved "https://registry.yarnpkg.com/picocolors/-/picocolors-1.1.1.tgz#3d321af3eab939b083c8f929a1d12cda81c26b6b"
  integrity sha512-xceH2snhtb5M9liqDsmEw56le376mTZkEX/jEb/RxNFyegNul7eNslCXP9FDj/Lcu0X8KEyMceP2ntpaHrDEVA==

picomatch@^4.0.2, picomatch@^4.0.3:
  version "4.0.4"
  resolved "https://registry.yarnpkg.com/picomatch/-/picomatch-4.0.4.tgz#fd6f5e00a143086e074dffe4c924b8fb293b0589"
  integrity sha512-QP88BAKvMam/3NxH6vj2o21R6MjxZUAd6nlwAS/pnGvN9IVLocLHxGYIzFhg6fUQ+5th6P4dv4eW9jX3DSIj7A==

pify@^2.3.0:
  version "2.3.0"
  resolved "https://registry.yarnpkg.com/pify/-/pify-2.3.0.tgz#ed141a6ac043a849ea588498e7dca8b15330e90c"
  integrity sha512-udgsAY+fTnvv7kI7aaxbqwWNb0AHiB0qBO89PZKPkoTmGOgdbrHDKD+0B2X4uTfJ/FT1R09r9gTsjUjNJotuog==

postcss-import@^16.1.1:
  version "16.1.1"
  resolved "https://registry.yarnpkg.com/postcss-import/-/postcss-import-16.1.1.tgz#cfbe79e6c9232b0dbbe1c18f35308825cfe8ff2a"
  integrity sha512-2xVS1NCZAfjtVdvXiyegxzJ447GyqCeEI5V7ApgQVOWnros1p5lGNovJNapwPpMombyFBfqDwt7AD3n2l0KOfQ==
  dependencies:
    postcss-value-parser "^4.0.0"
    read-cache "^1.0.0"
    resolve "^1.1.7"

postcss-value-parser@^4.0.0:
  version "4.2.0"
  resolved "https://registry.yarnpkg.com/postcss-value-parser/-/postcss-value-parser-4.2.0.tgz#723c09920836ba6d3e5af019f92bc0971c02e514"
  integrity sha512-1NNCs6uurfkVbeXG4S8JFT9t19m45ICnif8zWLd5oPSZ50QnwMfK+H3jv408d4jw/7Bttv5axS5IiHoLaVNHeQ==

postcss@^8.5.6:
  version "8.5.8"
  resolved "https://registry.yarnpkg.com/postcss/-/postcss-8.5.8.tgz#6230ecc8fb02e7a0f6982e53990937857e13f399"
  integrity sha512-OW/rX8O/jXnm82Ey1k44pObPtdblfiuWnrd8X7GJ7emImCOstunGbXUpp7HdBrFQX6rJzn3sPT397Wp5aCwCHg==
  dependencies:
    nanoid "^3.3.11"
    picocolors "^1.1.1"
    source-map-js "^1.2.1"

read-cache@^1.0.0:
  version "1.0.0"
  resolved "https://registry.yarnpkg.com/read-cache/-/read-cache-1.0.0.tgz#e664ef31161166c9751cdbe8dbcf86b5fb58f774"
  integrity sha512-Owdv/Ft7IjOgm/i0xvNDZ1LrRANRfew4b2prF3OWMQLxLfu3bS8FVhCsrSCMK4lR56Y9ya+AThoTpDCTxCmpRA==
  dependencies:
    pify "^2.3.0"

resolve-from@^5.0.0:
  version "5.0.0"
  resolved "https://registry.yarnpkg.com/resolve-from/-/resolve-from-5.0.0.tgz#c35225843df8f776df21c57557bc087e9dfdfc69"
  integrity sha512-qYg9KP24dD5qka9J47d0aVky0N+b4fTU89LN9iDnjB5waksiC49rvMB0PrUJQGoTmH50XPiqOvAjDfaijGxYZw==

resolve@^1.1.7:
  version "1.22.11"
  resolved "https://registry.yarnpkg.com/resolve/-/resolve-1.22.11.tgz#aad857ce1ffb8bfa9b0b1ac29f1156383f68c262"
  integrity sha512-RfqAvLnMl313r7c9oclB1HhUEAezcpLjz95wFH4LVuhk9JF/r22qmVP9AMmOU4vMX7Q8pN8jwNg/CSpdFnMjTQ==
  dependencies:
    is-core-module "^2.16.1"
    path-parse "^1.0.7"
    supports-preserve-symlinks-flag "^1.0.0"

source-map-js@^1.2.1:
  version "1.2.1"
  resolved "https://registry.yarnpkg.com/source-map-js/-/source-map-js-1.2.1.tgz#1ce5650fddd87abc099eda37dcff024c2667ae46"
  integrity sha512-UXWMKhLOwVKb728IUtQPXxfYU+usdybtUrK/8uGE8CQMvrhOpwvzDBwj0QhSL7MQc7vIsISBG8VQ8+IDQxpfQA==

supports-preserve-symlinks-flag@^1.0.0:
  version "1.0.0"
  resolved "https://registry.yarnpkg.com/supports-preserve-symlinks-flag/-/supports-preserve-symlinks-flag-1.0.0.tgz#6eda4bd344a3c94aea376d4cc31bc77311039e09"
  integrity sha512-ot0WnXS9fgdkgIcePe6RHNk1WA8+muPa6cSjeR3V8K27q9BB1rTE3R1p7Hv0z1ZyAc8s6Vvv8DIyWf681MAt0w==

tinyglobby@^0.2.15:
  version "0.2.15"
  resolved "https://registry.yarnpkg.com/tinyglobby/-/tinyglobby-0.2.15.tgz#e228dd1e638cea993d2fdb4fcd2d4602a79951c2"
  integrity sha512-j2Zq4NyQYG5XMST4cbs02Ak8iJUdxRM0XI5QyxXuZOzKOINmWurp3smXu3y5wDcJrptwpSjgXHzIQxR0omXljQ==
  dependencies:
    fdir "^6.5.0"
    picomatch "^4.0.3"

yaml@^2.8.2:
  version "2.8.2"
  resolved "https://registry.yarnpkg.com/yaml/-/yaml-2.8.2.tgz#5694f25eca0ce9c3e7a9d9e00ce0ddabbd9e35c5"
  integrity sha512-mplynKqc1C2hTVYxd0PU2xQAc22TI1vShAYGksCCfxbn/dFwnHTNi1bvYsBTkhdUNtGIf5xNOg938rrSSYvS9A==
